
Microsoft Visual Studio Solution File, Format Version 12.00
# Visual Studio Version 17
VisualStudioVersion = 17.9.34622.214
MinimumVisualStudioVersion = 10.0.40219.1
Project("{FAE04EC0-301F-11D3-BF4B-00C04F79EFBC}") = "VoiceToProtoFlux", "VoiceToProtoFlux.csproj", "{E2343E8B-D168-4A9C-8F58-C08D7957C2BE}"
EndProject
Global
	GlobalSection(SolutionConfigurationPlatforms) = preSolution
		Debug|Any CPU = Debug|Any CPU
		Release|Any CPU = Release|Any CPU
	EndGlobalSection
	GlobalSection(ProjectConfigurationPlatforms) = postSolution
		{E2343E8B-D168-4A9C-8F58-C08D7957C2BE}.Debug|Any CPU.ActiveCfg = Debug|Any CPU
		{E2343E8B-D168-4A9C-8F58-C08D7957C2BE}.Debug|Any CPU.Build.0 = Debug|Any CPU
		{E2343E8B-D168-4A9C-8F58-C08D7957C2BE}.Release|Any CPU.ActiveCfg = Release|Any CPU
		{E2343E8B-D168-4A9C-8F58-C08D7957C2BE}.Release|Any CPU.Build.0 = Release|Any CPU
	EndGlobalSection
	GlobalSection(SolutionProperties) = preSolution
		HideSolutionNode = FALSE
	EndGlobalSection
	GlobalSection(ExtensibilityGlobals) = postSolution
		SolutionGuid = {B4325883-3A1A-420D-B825-ED6CFD6C80AE}
	EndGlobalSection
EndGlobal
